PODS:
  - Kingfisher (5.5.0)
  - SVProgressHUD (2.2.5)

DEPENDENCIES:
  - Kingfisher
  - SVProgressHUD

SPEC REPOS:
  https://github.com/cocoapods/specs.git:
    - Kingfisher
    - SVProgressHUD

SPEC CHECKSUMS:
  Kingfisher: 6fe5e67a90fd335e49b0f5c075ff55ac5ebedd94
  SVProgressHUD: 1428aafac632c1f86f62aa4243ec12008d7a51d6

PODFILE CHECKSUM: 5948007f4a230f54596417c21a44b1ab77d89830

COCOAPODS: 1.7.0.beta.3
